// !$*UTF8*$!
{
	archiveVersion = 1;
	classes = {
	};
	objectVersion = 51;
	objects = {

/* Begin PBXBuildFile section */
		705DC60DDD69D9950A01BB8D /* Pods_taskApp.framework in Frameworks */ = {isa = PBXBuildFile; fileRef = 9D3EA30ABE0785025A71127F /* Pods_taskApp.framework */; };
		CE648ECE23CC74DF00BB8529 /* AppDelegate.swift in Sources */ = {isa = PBXBuildFile; fileRef = CE648ECD23CC74DF00BB8529 /* AppDelegate.swift */; };
		CE648ED023CC74DF00BB8529 /* SceneDelegate.swift in Sources */ = {isa = PBXBuildFile; fileRef = CE648ECF23CC74DF00BB8529 /* SceneDelegate.swift */; };
		CE648ED223CC74DF00BB8529 /* ViewController.swift in Sources */ = {isa = PBXBuildFile; fileRef = CE648ED123CC74DF00BB8529 /* ViewController.swift */; };
		CE648ED523CC74DF00BB8529 /* Main.storyboard in Resources */ = {isa = PBXBuildFile; fileRef = CE648ED323CC74DF00BB8529 /* Main.storyboard */; };
		CE648ED723CC74E100BB8529 /* Assets.xcassets in Resources */ = {isa = PBXBuildFile; fileRef = CE648ED623CC74E100BB8529 /* Assets.xcassets */; };
		CE648EDA23CC74E100BB8529 /* LaunchScreen.storyboard in Resources */ = {isa = PBXBuildFile; fileRef = CE648ED823CC74E100BB8529 /* LaunchScreen.storyboard */; };
		CE648EE223CC81F800BB8529 /* InputViewController.swift in Sources */ = {isa = PBXBuildFile; fileRef = CE648EE123CC81F800BB8529 /* InputViewController.swift */; };
		CE648EE423CDF2AC00BB8529 /* Task.swift in Sources */ = {isa = PBXBuildFile; fileRef = CE648EE323CDF2AC00BB8529 /* Task.swift */; };
/* End PBXBuildFile section */

/* Begin PBXFileReference section */
		88DFFFC899310FBC9B93AD03 /* Pods-taskApp.debug.xcconfig */ = {isa = PBXFileReference; includeInIndex = 1; lastKnownFileType = text.xcconfig; name = "Pods-taskApp.debug.xcconfig"; path = "Target Support Files/Pods-taskApp/Pods-taskApp.debug.xcconfig"; sourceTree = "<group>"; };
		9D3EA30ABE0785025A71127F /* Pods_taskApp.framework */ = {isa = PBXFileReference; explicitFileType = wrapper.framework; includeInIndex = 0; path = Pods_taskApp.framework; sourceTree = BUILT_PRODUCTS_DIR; };
		CE648ECA23CC74DF00BB8529 /* taskApp.app */ = {isa = PBXFileReference; explicitFileType = wrapper.application; includeInIndex = 0; path = taskApp.app; sourceTree = BUILT_PRODUCTS_DIR; };
		CE648ECD23CC74DF00BB8529 /* AppDelegate.swift */ = {isa = PBXFileReference; lastKnownFileType = sourcecode.swift; path = AppDelegate.swift; sourceTree = "<group>"; };
		CE648ECF23CC74DF00BB8529 /* SceneDelegate.swift */ = {isa = PBXFileReference; lastKnownFileType = sourcecode.swift; path = SceneDelegate.swift; sourceTree = "<group>"; };
		CE648ED123CC74DF00BB8529 /* ViewController.swift */ = {isa = PBXFileReference; lastKnownFileType = sourcecode.swift; path = ViewController.swift; sourceTree = "<group>"; };
		CE648ED423CC74DF00BB8529 /* Base */ = {isa = PBXFileReference; lastKnownFileType = file.storyboard; name = Base; path = Base.lproj/Main.storyboard; sourceTree = "<group>"; };
		CE648ED623CC74E100BB8529 /* Assets.xcassets */ = {isa = PBXFileReference; lastKnownFileType = folder.assetcatalog; path = Assets.xcassets; sourceTree = "<group>"; };
		CE648ED923CC74E100BB8529 /* Base */ = {isa = PBXFileReference; lastKnownFileType = file.storyboard; name = Base; path = Base.lproj/LaunchScreen.storyboard; sourceTree = "<group>"; };
		CE648EDB23CC74E100BB8529 /* Info.plist */ = {isa = PBXFileReference; lastKnownFileType = text.plist.xml; path = Info.plist; sourceTree = "<group>"; };
		CE648EE123CC81F800BB8529 /* InputViewController.swift */ = {isa = PBXFileReference; lastKnownFileType = sourcecode.swift; path = InputViewController.swift; sourceTree = "<group>"; };
		CE648EE323CDF2AC00BB8529 /* Task.swift */ = {isa = PBXFileReference; lastKnownFileType = sourcecode.swift; path = Task.swift; sourceTree = "<group>"; };
		D704A3BF47745BAFF2931307 /* Pods-taskApp.release.xcconfig */ = {isa = PBXFileReference; includeInIndex = 1; lastKnownFileType = text.xcconfig; name = "Pods-taskApp.release.xcconfig"; path = "Target Support Files/Pods-taskApp/Pods-taskApp.release.xcconfig"; sourceTree = "<group>"; };
/* End PBXFileReference section */

/* Begin PBXFrameworksBuildPhase section */
		CE648EC723CC74DF00BB8529 /* Frameworks */ = {
			isa = PBXFrameworksBuildPhase;
			buildActionMask = 2147483647;
			files = (
				705DC60DDD69D9950A01BB8D /* Pods_taskApp.framework in Frameworks */,
			);
			runOnlyForDeploymentPostprocessing = 0;
		};
/* End PBXFrameworksBuildPhase section */

/* Begin PBXGroup section */
		30778EAFA5035429E9EAB93D /* Pods */ = {
			isa = PBXGroup;
			children = (
				88DFFFC899310FBC9B93AD03 /* Pods-taskApp.debug.xcconfig */,
				D704A3BF47745BAFF2931307 /* Pods-taskApp.release.xcconfig */,
			);
			path = Pods;
			sourceTree = "<group>";
		};
		CBBE09EFA6529EBED31A52D5 /* Frameworks */ = {
			isa = PBXGroup;
			children = (
				9D3EA30ABE0785025A71127F /* Pods_taskApp.framework */,
			);
			name = Frameworks;
			sourceTree = "<group>";
		};
		CE648EC123CC74DF00BB8529 = {
			isa = PBXGroup;
			children = (
				CE648ECC23CC74DF00BB8529 /* taskApp */,
				CE648ECB23CC74DF00BB8529 /* Products */,
				30778EAFA5035429E9EAB93D /* Pods */,
				CBBE09EFA6529EBED31A52D5 /* Frameworks */,
			);
			sourceTree = "<group>";
		};
		CE648ECB23CC74DF00BB8529 /* Products */ = {
			isa = PBXGroup;
			children = (
				CE648ECA23CC74DF00BB8529 /* taskApp.app */,
			);
			name = Products;
			sourceTree = "<group>";
		};
		CE648ECC23CC74DF00BB8529 /* taskApp */ = {
			isa = PBXGroup;
			children = (
				CE648ECD23CC74DF00BB8529 /* AppDelegate.swift */,
				CE648ECF23CC74DF00BB8529 /* SceneDelegate.swift */,
				CE648ED123CC74DF00BB8529 /* ViewController.swift */,
				CE648EE123CC81F800BB8529 /* InputViewController.swift */,
				CE648ED323CC74DF00BB8529 /* Main.storyboard */,
				CE648ED623CC74E100BB8529 /* Assets.xcassets */,
				CE648ED823CC74E100BB8529 /* LaunchScreen.storyboard */,
				CE648EDB23CC74E100BB8529 /* Info.plist */,
				CE648EE323CDF2AC00BB8529 /* Task.swift */,
			);
			path = taskApp;
			sourceTree = "<group>";
		};
/* End PBXGroup section */

/* Begin PBXNativeTarget section */
		CE648EC923CC74DF00BB8529 /* taskApp */ = {
			isa = PBXNativeTarget;
			buildConfigurationList = CE648EDE23CC74E100BB8529 /* Build configuration list for PBXNativeTarget "taskApp" */;
			buildPhases = (
				4F5F818524AE09ACB2A0F4C2 /* [CP] Check Pods Manifest.lock */,
				CE648EC623CC74DF00BB8529 /* Sources */,
				CE648EC723CC74DF00BB8529 /* Frameworks */,
				CE648EC823CC74DF00BB8529 /* Resources */,
				1C5C42BA33EA57AE2218DD8F /* [CP] Embed Pods Frameworks */,
			);
			buildRules = (
			);
			dependencies = (
			);
			name = taskApp;
			productName = taskApp;
			productReference = CE648ECA23CC74DF00BB8529 /* taskApp.app */;
			productType = "com.apple.product-type.application";
		};
/* End PBXNativeTarget section */

/* Begin PBXProject section */
		CE648EC223CC74DF00BB8529 /* Project object */ = {
			isa = PBXProject;
			attributes = {
				LastSwiftUpdateCheck = 1110;
				LastUpgradeCheck = 1110;
				ORGANIZATIONNAME = katuya.kanatani;
				TargetAttributes = {
					CE648EC923CC74DF00BB8529 = {
						CreatedOnToolsVersion = 11.1;
					};
				};
			};
			buildConfigurationList = CE648EC523CC74DF00BB8529 /* Build configuration list for PBXProject "taskApp" */;
			compatibilityVersion = "Xcode 9.3";
			developmentRegion = en;
			hasScannedForEncodings = 0;
			knownRegions = (
				en,
				Base,
			);
			mainGroup = CE648EC123CC74DF00BB8529;
			productRefGroup = CE648ECB23CC74DF00BB8529 /* Products */;
			projectDirPath = "";
			projectRoot = "";
			targets = (
				CE648EC923CC74DF00BB8529 /* taskApp */,
			);
		};
/* End PBXProject section */

/* Begin PBXResourcesBuildPhase section */
		CE648EC823CC74DF00BB8529 /* Resources */ = {
			isa = PBXResourcesBuildPhase;
			buildActionMask = 2147483647;
			files = (
				CE648EDA23CC74E100BB8529 /* LaunchScreen.storyboard in Resources */,
				CE648ED723CC74E100BB8529 /* Assets.xcassets in Resources */,
				CE648ED523CC74DF00BB8529 /* Main.storyboard in Resources */,
			);
			runOnlyForDeploymentPostprocessing = 0;
		};
/* End PBXResourcesBuildPhase section */

/* Begin PBXShellScriptBuildPhase section */
		1C5C42BA33EA57AE2218DD8F /* [CP] Embed Pods Frameworks */ = {
			isa = PBXShellScriptBuildPhase;
			buildActionMask = 2147483647;
			files = (
			);
			inputFileListPaths = (
				"${PODS_ROOT}/Target Support Files/Pods-taskApp/Pods-taskApp-frameworks-${CONFIGURATION}-input-files.xcfilelist",
			);
			name = "[CP] Embed Pods Frameworks";
			outputFileListPaths = (
				"${PODS_ROOT}/Target Support Files/Pods-taskApp/Pods-taskApp-frameworks-${CONFIGURATION}-output-files.xcfilelist",
			);
			runOnlyForDeploymentPostprocessing = 0;
			shellPath = /bin/sh;
			shellScript = "\"${PODS_ROOT}/Target Support Files/Pods-taskApp/Pods-taskApp-frameworks.sh\"\n";
			showEnvVarsInLog = 0;
		};
		4F5F818524AE09ACB2A0F4C2 /* [CP] Check Pods Manifest.lock */ = {
			isa = PBXShellScriptBuildPhase;
			buildActionMask = 2147483647;
			files = (
			);
			inputFileListPaths = (
			);
			inputPaths = (
				"${PODS_PODFILE_DIR_PATH}/Podfile.lock",
				"${PODS_ROOT}/Manifest.lock",
			);
			name = "[CP] Check Pods Manifest.lock";
			outputFileListPaths = (
			);
			outputPaths = (
				"$(DERIVED_FILE_DIR)/Pods-taskApp-checkManifestLockResult.txt",
			);
			runOnlyForDeploymentPostprocessing = 0;
			shellPath = /bin/sh;
			shellScript = "diff \"${PODS_PODFILE_DIR_PATH}/Podfile.lock\" \"${PODS_ROOT}/Manifest.lock\" > /dev/null\nif [ $? != 0 ] ; then\n    # print error to STDERR\n    echo \"error: The sandbox is not in sync with the Podfile.lock. Run 'pod install' or update your CocoaPods installation.\" >&2\n    exit 1\nfi\n# This output is used by Xcode 'outputs' to avoid re-running this script phase.\necho \"SUCCESS\" > \"${SCRIPT_OUTPUT_FILE_0}\"\n";
			showEnvVarsInLog = 0;
		};
/* End PBXShellScriptBuildPhase section */

/* Begin PBXSourcesBuildPhase section */
		CE648EC623CC74DF00BB8529 /* Sources */ = {
			isa = PBXSourcesBuildPhase;
			buildActionMask = 2147483647;
			files = (
				CE648ED223CC74DF00BB8529 /* ViewController.swift in Sources */,
				CE648ECE23CC74DF00BB8529 /* AppDelegate.swift in Sources */,
				CE648EE423CDF2AC00BB8529 /* Task.swift in Sources */,
				CE648ED023CC74DF00BB8529 /* SceneDelegate.swift in Sources */,
				CE648EE223CC81F800BB8529 /* InputViewController.swift in Sources */,
			);
			runOnlyForDeploymentPostprocessing = 0;
		};
/* End PBXSourcesBuildPhase section */

/* Begin PBXVariantGroup section */
		CE648ED323CC74DF00BB8529 /* Main.storyboard */ = {
			isa = PBXVariantGroup;
			children = (
				CE648ED423CC74DF00BB8529 /* Base */,
			);
			name = Main.storyboard;
			sourceTree = "<group>";
		};
		CE648ED823CC74E100BB8529 /* LaunchScreen.storyboard */ = {
			isa = PBXVariantGroup;
			children = (
				CE648ED923CC74E100BB8529 /* Base */,
			);
			name = LaunchScreen.storyboard;
			sourceTree = "<group>";
		};
/* End PBXVariantGroup section */

/* Begin XCBuildConfiguration section */
		CE648EDC23CC74E100BB8529 /* Debug */ = {
			isa = XCBuildConfiguration;
			buildSettings = {
				ALWAYS_SEARCH_USER_PATHS = NO;
				CLANG_ANALYZER_NONNULL = YES;
				CLANG_ANALYZER_NUMBER_OBJECT_CONVERSION = YES_AGGRESSIVE;
				CLANG_CXX_LANGUAGE_STANDARD = "gnu++14";
				CLANG_CXX_LIBRARY = "libc++";
				CLANG_ENABLE_MODULES = YES;
				CLANG_ENABLE_OBJC_ARC = YES;
				CLANG_ENABLE_OBJC_WEAK = YES;
				CLANG_WARN_BLOCK_CAPTURE_AUTORELEASING = YES;
				CLANG_WARN_BOOL_CONVERSION = YES;
				CLANG_WARN_COMMA = YES;
				CLANG_WARN_CONSTANT_CONVERSION = YES;
				CLANG_WARN_DEPRECATED_OBJC_IMPLEMENTATIONS = YES;
				CLANG_WARN_DIRECT_OBJC_ISA_USAGE = YES_ERROR;
				CLANG_WARN_DOCUMENTATION_COMMENTS = YES;
				CLANG_WARN_EMPTY_BODY = YES;
				CLANG_WARN_ENUM_CONVERSION = YES;
				CLANG_WARN_INFINITE_RECURSION = YES;
				CLANG_WARN_INT_CONVERSION = YES;
				CLANG_WARN_NON_LITERAL_NULL_CONVERSION = YES;
				CLANG_WARN_OBJC_IMPLICIT_RETAIN_SELF = YES;
				CLANG_WARN_OBJC_LITERAL_CONVERSION = YES;
				CLANG_WARN_OBJC_ROOT_CLASS = YES_ERROR;
				CLANG_WARN_RANGE_LOOP_ANALYSIS = YES;
				CLANG_WARN_STRICT_PROTOTYPES = YES;
				CLANG_WARN_SUSPICIOUS_MOVE = YES;
				CLANG_WARN_UNGUARDED_AVAILABILITY = YES_AGGRESSIVE;
				CLANG_WARN_UNREACHABLE_CODE = YES;
				CLANG_WARN__DUPLICATE_METHOD_MATCH = YES;
				COPY_PHASE_STRIP = NO;
				DEBUG_INFORMATION_FORMAT = dwarf;
				ENABLE_STRICT_OBJC_MSGSEND = YES;
				ENABLE_TESTABILITY = YES;
				GCC_C_LANGUAGE_STANDARD = gnu11;
				GCC_DYNAMIC_NO_PIC = NO;
				GCC_NO_COMMON_BLOCKS = YES;
				GCC_OPTIMIZATION_LEVEL = 0;
				GCC_PREPROCESSOR_DEFINITIONS = (
					"DEBUG=1",
					"$(inherited)",
				);
				GCC_WARN_64_TO_32_BIT_CONVERSION = YES;
				GCC_WARN_ABOUT_RETURN_TYPE = YES_ERROR;
				GCC_WARN_UNDECLARED_SELECTOR = YES;
				GCC_WARN_UNINITIALIZED_AUTOS = YES_AGGRESSIVE;
				GCC_WARN_UNUSED_FUNCTION = YES;
				GCC_WARN_UNUSED_VARIABLE = YES;
				IPHONEOS_DEPLOYMENT_TARGET = 13.1;
				MTL_ENABLE_DEBUG_INFO = INCLUDE_SOURCE;
				MTL_FAST_MATH = YES;
				ONLY_ACTIVE_ARCH = YES;
				SDKROOT = iphoneos;
				SWIFT_ACTIVE_COMPILATION_CONDITIONS = DEBUG;
				SWIFT_OPTIMIZATION_LEVEL = "-Onone";
			};
			name = Debug;
		};
		CE648EDD23CC74E100BB8529 /* Release */ = {
			isa = XCBuildConfiguration;
			buildSettings = {
				ALWAYS_SEARCH_USER_PATHS = NO;
				CLANG_ANALYZER_NONNULL = YES;
				CLANG_ANALYZER_NUMBER_OBJECT_CONVERSION = YES_AGGRESSIVE;
				CLANG_CXX_LANGUAGE_STANDARD = "gnu++14";
				CLANG_CXX_LIBRARY = "libc++";
				CLANG_ENABLE_MODULES = YES;
				CLANG_ENABLE_OBJC_ARC = YES;
				CLANG_ENABLE_OBJC_WEAK = YES;
				CLANG_WARN_BLOCK_CAPTURE_AUTORELEASING = YES;
				CLANG_WARN_BOOL_CONVERSION = YES;
				CLANG_WARN_COMMA = YES;
				CLANG_WARN_CONSTANT_CONVERSION = YES;
				CLANG_WARN_DEPRECATED_OBJC_IMPLEMENTATIONS = YES;
				CLANG_WARN_DIRECT_OBJC_ISA_USAGE = YES_ERROR;
				CLANG_WARN_DOCUMENTATION_COMMENTS = YES;
				CLANG_WARN_EMPTY_BODY = YES;
				CLANG_WARN_ENUM_CONVERSION = YES;
				CLANG_WARN_INFINITE_RECURSION = YES;
				CLANG_WARN_INT_CONVERSION = YES;
				CLANG_WARN_NON_LITERAL_NULL_CONVERSION = YES;
				CLANG_WARN_OBJC_IMPLICIT_RETAIN_SELF = YES;
				CLANG_WARN_OBJC_LITERAL_CONVERSION = YES;
				CLANG_WARN_OBJC_ROOT_CLASS = YES_ERROR;
				CLANG_WARN_RANGE_LOOP_ANALYSIS = YES;
				CLANG_WARN_STRICT_PROTOTYPES = YES;
				CLANG_WARN_SUSPICIOUS_MOVE = YES;
				CLANG_WARN_UNGUARDED_AVAILABILITY = YES_AGGRESSIVE;
				CLANG_WARN_UNREACHABLE_CODE = YES;
				CLANG_WARN__DUPLICATE_METHOD_MATCH = YES;
				COPY_PHASE_STRIP = NO;
				DEBUG_INFORMATION_FORMAT = "dwarf-with-dsym";
				ENABLE_NS_ASSERTIONS = NO;
				ENABLE_STRICT_OBJC_MSGSEND = YES;
				GCC_C_LANGUAGE_STANDARD = gnu11;
				GCC_NO_COMMON_BLOCKS = YES;
				GCC_WARN_64_TO_32_BIT_CONVERSION = YES;
				GCC_WARN_ABOUT_RETURN_TYPE = YES_ERROR;
				GCC_WARN_UNDECLARED_SELECTOR = YES;
				GCC_WARN_UNINITIALIZED_AUTOS = YES_AGGRESSIVE;
				GCC_WARN_UNUSED_FUNCTION = YES;
				GCC_WARN_UNUSED_VARIABLE = YES;
				IPHONEOS_DEPLOYMENT_TARGET = 13.1;
				MTL_ENABLE_DEBUG_INFO = NO;
				MTL_FAST_MATH = YES;
				SDKROOT = iphoneos;
				SWIFT_COMPILATION_MODE = wholemodule;
				SWIFT_OPTIMIZATION_LEVEL = "-O";
				VALIDATE_PRODUCT = YES;
			};
			name = Release;
		};
		CE648EDF23CC74E100BB8529 /* Debug */ = {
			isa = XCBuildConfiguration;
			baseConfigurationReference = 88DFFFC899310FBC9B93AD03 /* Pods-taskApp.debug.xcconfig */;
			buildSettings = {
				ASSETCATALOG_COMPILER_APPICON_NAME = AppIcon;
				CODE_SIGN_STYLE = Automatic;
				INFOPLIST_FILE = taskApp/Info.plist;
				LD_RUNPATH_SEARCH_PATHS = (
					"$(inherited)",
					"@executable_path/Frameworks",
				);
				PRODUCT_BUNDLE_IDENTIFIER = "bouka.tenken-gmail.com.taskApp";
				PRODUCT_NAME = "$(TARGET_NAME)";
				SWIFT_VERSION = 5.0;
				TARGETED_DEVICE_FAMILY = 1;
			};
			name = Debug;
		};
		CE648EE023CC74E100BB8529 /* Release */ = {
			isa = XCBuildConfiguration;
			baseConfigurationReference = D704A3BF47745BAFF2931307 /* Pods-taskApp.release.xcconfig */;
			buildSettings = {
				ASSETCATALOG_COMPILER_APPICON_NAME = AppIcon;
				CODE_SIGN_STYLE = Automatic;
				INFOPLIST_FILE = taskApp/Info.plist;
				LD_RUNPATH_SEARCH_PATHS = (
					"$(inherited)",
					"@executable_path/Frameworks",
				);
				PRODUCT_BUNDLE_IDENTIFIER = "bouka.tenken-gmail.com.taskApp";
				PRODUCT_NAME = "$(TARGET_NAME)";
				SWIFT_VERSION = 5.0;
				TARGETED_DEVICE_FAMILY = 1;
			};
			name = Release;
		};
/* End XCBuildConfiguration section */

/* Begin XCConfigurationList section */
		CE648EC523CC74DF00BB8529 /* Build configuration list for PBXProject "taskApp" */ = {
			isa = XCConfigurationList;
			buildConfigurations = (
				CE648EDC23CC74E100BB8529 /* Debug */,
				CE648EDD23CC74E100BB8529 /* Release */,
			);
			defaultConfigurationIsVisible = 0;
			defaultConfigurationName = Release;
		};
		CE648EDE23CC74E100BB8529 /* Build configuration list for PBXNativeTarget "taskApp" */ = {
			isa = XCConfigurationList;
			buildConfigurations = (
				CE648EDF23CC74E100BB8529 /* Debug */,
				CE648EE023CC74E100BB8529 /* Release */,
			);
			defaultConfigurationIsVisible = 0;
			defaultConfigurationName = Release;
		};
/* End XCConfigurationList section */
	};
	rootObject = CE648EC223CC74DF00BB8529 /* Project object */;
}
